// !$*UTF8*$!
{
	archiveVersion = 1;
	classes = {
	};
	objectVersion = 46;
	objects = {

/* Begin PBXBuildFile section */
		AAD307751B9CDB3F00CB6A28 /* main.m in Sources */ = {isa = PBXBuildFile; fileRef = AAD307741B9CDB3F00CB6A28 /* main.m */; };
		AAD307781B9CDB3F00CB6A28 /* AppDelegate.m in Sources */ = {isa = PBXBuildFile; fileRef = AAD307771B9CDB3F00CB6A28 /* AppDelegate.m */; };
		AAD3077B1B9CDB3F00CB6A28 /* ViewController.m in Sources */ = {isa = PBXBuildFile; fileRef = AAD3077A1B9CDB3F00CB6A28 /* ViewController.m */; };
		AAD3077E1B9CDB3F00CB6A28 /* Main.storyboard in Resources */ = {isa = PBXBuildFile; fileRef = AAD3077C1B9CDB3F00CB6A28 /* Main.storyboard */; };
		AAD307801B9CDB3F00CB6A28 /* Images.xcassets in Resources */ = {isa = PBXBuildFile; fileRef = AAD3077F1B9CDB3F00CB6A28 /* Images.xcassets */; };
		AAD307831B9CDB3F00CB6A28 /* LaunchScreen.xib in Resources */ = {isa = PBXBuildFile; fileRef = AAD307811B9CDB3F00CB6A28 /* LaunchScreen.xib */; };
		AAD3078F1B9CDB3F00CB6A28 /* BillSplitterTests.m in Sources */ = {isa = PBXBuildFile; fileRef = AAD3078E1B9CDB3F00CB6A28 /* BillSplitterTests.m */; };
		AAD3079A1B9D1B9900CB6A28 /* TipOptionViewController.m in Sources */ = {isa = PBXBuildFile; fileRef = AAD307991B9D1B9900CB6A28 /* TipOptionViewController.m */; };
/* End PBXBuildFile section */

/* Begin PBXContainerItemProxy section */
		AAD307891B9CDB3F00CB6A28 /* PBXContainerItemProxy */ = {
			isa = PBXContainerItemProxy;
			containerPortal = AAD307671B9CDB3F00CB6A28 /* Project object */;
			proxyType = 1;
			remoteGlobalIDString = AAD3076E1B9CDB3F00CB6A28;
			remoteInfo = BillSplitter;
		};
/* End PBXContainerItemProxy section */

/* Begin PBXFileReference section */
		AAD3076F1B9CDB3F00CB6A28 /* BillSplitter.app */ = {isa = PBXFileReference; explicitFileType = wrapper.application; includeInIndex = 0; path = BillSplitter.app; sourceTree = BUILT_PRODUCTS_DIR; };
		AAD307731B9CDB3F00CB6A28 /* Info.plist */ = {isa = PBXFileReference; lastKnownFileType = text.plist.xml; path = Info.plist; sourceTree = "<group>"; };
		AAD307741B9CDB3F00CB6A28 /* main.m */ = {isa = PBXFileReference; lastKnownFileType = sourcecode.c.objc; path = main.m; sourceTree = "<group>"; };
		AAD307761B9CDB3F00CB6A28 /* AppDelegate.h */ = {isa = PBXFileReference; lastKnownFileType = sourcecode.c.h; path = AppDelegate.h; sourceTree = "<group>"; };
		AAD307771B9CDB3F00CB6A28 /* AppDelegate.m */ = {isa = PBXFileReference; lastKnownFileType = sourcecode.c.objc; path = AppDelegate.m; sourceTree = "<group>"; };
		AAD307791B9CDB3F00CB6A28 /* ViewController.h */ = {isa = PBXFileReference; lastKnownFileType = sourcecode.c.h; path = ViewController.h; sourceTree = "<group>"; };
		AAD3077A1B9CDB3F00CB6A28 /* ViewController.m */ = {isa = PBXFileReference; lastKnownFileType = sourcecode.c.objc; path = ViewController.m; sourceTree = "<group>"; };
		AAD3077D1B9CDB3F00CB6A28 /* Base */ = {isa = PBXFileReference; lastKnownFileType = file.storyboard; name = Base; path = Base.lproj/Main.storyboard; sourceTree = "<group>"; };
		AAD3077F1B9CDB3F00CB6A28 /* Images.xcassets */ = {isa = PBXFileReference; lastKnownFileType = folder.assetcatalog; path = Images.xcassets; sourceTree = "<group>"; };
		AAD307821B9CDB3F00CB6A28 /* Base */ = {isa = PBXFileReference; lastKnownFileType = file.xib; name = Base; path = Base.lproj/LaunchScreen.xib; sourceTree = "<group>"; };
		AAD307881B9CDB3F00CB6A28 /* BillSplitterTests.xctest */ = {isa = PBXFileReference; explicitFileType = wrapper.cfbundle; includeInIndex = 0; path = BillSplitterTests.xctest; sourceTree = BUILT_PRODUCTS_DIR; };
		AAD3078D1B9CDB3F00CB6A28 /* Info.plist */ = {isa = PBXFileReference; lastKnownFileType = text.plist.xml; path = Info.plist; sourceTree = "<group>"; };
		AAD3078E1B9CDB3F00CB6A28 /* BillSplitterTests.m */ = {isa = PBXFileReference; lastKnownFileType = sourcecode.c.objc; path = BillSplitterTests.m; sourceTree = "<group>"; };
		AAD307981B9D1B9900CB6A28 /* TipOptionViewController.h */ = {isa = PBXFileReference; fileEncoding = 4; lastKnownFileType = sourcecode.c.h; path = TipOptionViewController.h; sourceTree = "<group>"; };
		AAD307991B9D1B9900CB6A28 /* TipOptionViewController.m */ = {isa = PBXFileReference; fileEncoding = 4; lastKnownFileType = sourcecode.c.objc; path = TipOptionViewController.m; sourceTree = "<group>"; };
/* End PBXFileReference section */

/* Begin PBXFrameworksBuildPhase section */
		AAD3076C1B9CDB3F00CB6A28 /* Frameworks */ = {
			isa = PBXFrameworksBuildPhase;
			buildActionMask = 2147483647;
			files = (
			);
			runOnlyForDeploymentPostprocessing = 0;
		};
		AAD307851B9CDB3F00CB6A28 /* Frameworks */ = {
			isa = PBXFrameworksBuildPhase;
			buildActionMask = 2147483647;
			files = (
			);
			runOnlyForDeploymentPostprocessing = 0;
		};
/* End PBXFrameworksBuildPhase section */

/* Begin PBXGroup section */
		AAD307661B9CDB3F00CB6A28 = {
			isa = PBXGroup;
			children = (
				AAD307711B9CDB3F00CB6A28 /* BillSplitter */,
				AAD3078B1B9CDB3F00CB6A28 /* BillSplitterTests */,
				AAD307701B9CDB3F00CB6A28 /* Products */,
			);
			sourceTree = "<group>";
		};
		AAD307701B9CDB3F00CB6A28 /* Products */ = {
			isa = PBXGroup;
			children = (
				AAD3076F1B9CDB3F00CB6A28 /* BillSplitter.app */,
				AAD307881B9CDB3F00CB6A28 /* BillSplitterTests.xctest */,
			);
			name = Products;
			sourceTree = "<group>";
		};
		AAD307711B9CDB3F00CB6A28 /* BillSplitter */ = {
			isa = PBXGroup;
			children = (
				AAD307761B9CDB3F00CB6A28 /* AppDelegate.h */,
				AAD307771B9CDB3F00CB6A28 /* AppDelegate.m */,
				AAD307791B9CDB3F00CB6A28 /* ViewController.h */,
				AAD3077A1B9CDB3F00CB6A28 /* ViewController.m */,
				AAD3077C1B9CDB3F00CB6A28 /* Main.storyboard */,
				AAD307981B9D1B9900CB6A28 /* TipOptionViewController.h */,
				AAD307991B9D1B9900CB6A28 /* TipOptionViewController.m */,
				AAD3077F1B9CDB3F00CB6A28 /* Images.xcassets */,
				AAD307811B9CDB3F00CB6A28 /* LaunchScreen.xib */,
				AAD307721B9CDB3F00CB6A28 /* Supporting Files */,
			);
			path = BillSplitter;
			sourceTree = "<group>";
		};
		AAD307721B9CDB3F00CB6A28 /* Supporting Files */ = {
			isa = PBXGroup;
			children = (
				AAD307731B9CDB3F00CB6A28 /* Info.plist */,
				AAD307741B9CDB3F00CB6A28 /* main.m */,
			);
			name = "Supporting Files";
			sourceTree = "<group>";
		};
		AAD3078B1B9CDB3F00CB6A28 /* BillSplitterTests */ = {
			isa = PBXGroup;
			children = (
				AAD3078E1B9CDB3F00CB6A28 /* BillSplitterTests.m */,
				AAD3078C1B9CDB3F00CB6A28 /* Supporting Files */,
			);
			path = BillSplitterTests;
			sourceTree = "<group>";
		};
		AAD3078C1B9CDB3F00CB6A28 /* Supporting Files */ = {
			isa = PBXGroup;
			children = (
				AAD3078D1B9CDB3F00CB6A28 /* Info.plist */,
			);
			name = "Supporting Files";
			sourceTree = "<group>";
		};
/* End PBXGroup section */

/* Begin PBXNativeTarget section */
		AAD3076E1B9CDB3F00CB6A28 /* BillSplitter */ = {
			isa = PBXNativeTarget;
			buildConfigurationList = AAD307921B9CDB3F00CB6A28 /* Build configuration list for PBXNativeTarget "BillSplitter" */;
			buildPhases = (
				AAD3076B1B9CDB3F00CB6A28 /* Sources */,
				AAD3076C1B9CDB3F00CB6A28 /* Frameworks */,
				AAD3076D1B9CDB3F00CB6A28 /* Resources */,
			);
			buildRules = (
			);
			dependencies = (
			);
			name = BillSplitter;
			productName = BillSplitter;
			productReference = AAD3076F1B9CDB3F00CB6A28 /* BillSplitter.app */;
			productType = "com.apple.product-type.application";
		};
		AAD307871B9CDB3F00CB6A28 /* BillSplitterTests */ = {
			isa = PBXNativeTarget;
			buildConfigurationList = AAD307951B9CDB3F00CB6A28 /* Build configuration list for PBXNativeTarget "BillSplitterTests" */;
			buildPhases = (
				AAD307841B9CDB3F00CB6A28 /* Sources */,
				AAD307851B9CDB3F00CB6A28 /* Frameworks */,
				AAD307861B9CDB3F00CB6A28 /* Resources */,
			);
			buildRules = (
			);
			dependencies = (
				AAD3078A1B9CDB3F00CB6A28 /* PBXTargetDependency */,
			);
			name = BillSplitterTests;
			productName = BillSplitterTests;
			productReference = AAD307881B9CDB3F00CB6A28 /* BillSplitterTests.xctest */;
			productType = "com.apple.product-type.bundle.unit-test";
		};
/* End PBXNativeTarget section */

/* Begin PBXProject section */
		AAD307671B9CDB3F00CB6A28 /* Project object */ = {
			isa = PBXProject;
			attributes = {
				LastUpgradeCheck = 0640;
				ORGANIZATIONNAME = Steve;
				TargetAttributes = {
					AAD3076E1B9CDB3F00CB6A28 = {
						CreatedOnToolsVersion = 6.4;
					};
					AAD307871B9CDB3F00CB6A28 = {
						CreatedOnToolsVersion = 6.4;
						TestTargetID = AAD3076E1B9CDB3F00CB6A28;
					};
				};
			};
			buildConfigurationList = AAD3076A1B9CDB3F00CB6A28 /* Build configuration list for PBXProject "BillSplitter" */;
			compatibilityVersion = "Xcode 3.2";
			developmentRegion = English;
			hasScannedForEncodings = 0;
			knownRegions = (
				en,
				Base,
			);
			mainGroup = AAD307661B9CDB3F00CB6A28;
			productRefGroup = AAD307701B9CDB3F00CB6A28 /* Products */;
			projectDirPath = "";
			projectRoot = "";
			targets = (
				AAD3076E1B9CDB3F00CB6A28 /* BillSplitter */,
				AAD307871B9CDB3F00CB6A28 /* BillSplitterTests */,
			);
		};
/* End PBXProject section */

/* Begin PBXResourcesBuildPhase section */
		AAD3076D1B9CDB3F00CB6A28 /* Resources */ = {
			isa = PBXResourcesBuildPhase;
			buildActionMask = 2147483647;
			files = (
				AAD3077E1B9CDB3F00CB6A28 /* Main.storyboard in Resources */,
				AAD307831B9CDB3F00CB6A28 /* LaunchScreen.xib in Resources */,
				AAD307801B9CDB3F00CB6A28 /* Images.xcassets in Resources */,
			);
			runOnlyForDeploymentPostprocessing = 0;
		};
		AAD307861B9CDB3F00CB6A28 /* Resources */ = {
			isa = PBXResourcesBuildPhase;
			buildActionMask = 2147483647;
			files = (
			);
			runOnlyForDeploymentPostprocessing = 0;
		};
/* End PBXResourcesBuildPhase section */

/* Begin PBXSourcesBuildPhase section */
		AAD3076B1B9CDB3F00CB6A28 /* Sources */ = {
			isa = PBXSourcesBuildPhase;
			buildActionMask = 2147483647;
			files = (
				AAD3077B1B9CDB3F00CB6A28 /* ViewController.m in Sources */,
				AAD3079A1B9D1B9900CB6A28 /* TipOptionViewController.m in Sources */,
				AAD307781B9CDB3F00CB6A28 /* AppDelegate.m in Sources */,
				AAD307751B9CDB3F00CB6A28 /* main.m in Sources */,
			);
			runOnlyForDeploymentPostprocessing = 0;
		};
		AAD307841B9CDB3F00CB6A28 /* Sources */ = {
			isa = PBXSourcesBuildPhase;
			buildActionMask = 2147483647;
			files = (
				AAD3078F1B9CDB3F00CB6A28 /* BillSplitterTests.m in Sources */,
			);
			runOnlyForDeploymentPostprocessing = 0;
		};
/* End PBXSourcesBuildPhase section */

/* Begin PBXTargetDependency section */
		AAD3078A1B9CDB3F00CB6A28 /* PBXTargetDependency */ = {
			isa = PBXTargetDependency;
			target = AAD3076E1B9CDB3F00CB6A28 /* BillSplitter */;
			targetProxy = AAD307891B9CDB3F00CB6A28 /* PBXContainerItemProxy */;
		};
/* End PBXTargetDependency section */

/* Begin PBXVariantGroup section */
		AAD3077C1B9CDB3F00CB6A28 /* Main.storyboard */ = {
			isa = PBXVariantGroup;
			children = (
				AAD3077D1B9CDB3F00CB6A28 /* Base */,
			);
			name = Main.storyboard;
			sourceTree = "<group>";
		};
		AAD307811B9CDB3F00CB6A28 /* LaunchScreen.xib */ = {
			isa = PBXVariantGroup;
			children = (
				AAD307821B9CDB3F00CB6A28 /* Base */,
			);
			name = LaunchScreen.xib;
			sourceTree = "<group>";
		};
/* End PBXVariantGroup section */

/* Begin XCBuildConfiguration section */
		AAD307901B9CDB3F00CB6A28 /* Debug */ = {
			isa = XCBuildConfiguration;
			buildSettings = {
				ALWAYS_SEARCH_USER_PATHS = NO;
				CLANG_CXX_LANGUAGE_STANDARD = "gnu++0x";
				CLANG_CXX_LIBRARY = "libc++";
				CLANG_ENABLE_MODULES = YES;
				CLANG_ENABLE_OBJC_ARC = YES;
				CLANG_WARN_BOOL_CONVERSION = YES;
				CLANG_WARN_CONSTANT_CONVERSION = YES;
				CLANG_WARN_DIRECT_OBJC_ISA_USAGE = YES_ERROR;
				CLANG_WARN_EMPTY_BODY = YES;
				CLANG_WARN_ENUM_CONVERSION = YES;
				CLANG_WARN_INT_CONVERSION = YES;
				CLANG_WARN_OBJC_ROOT_CLASS = YES_ERROR;
				CLANG_WARN_UNREACHABLE_CODE = YES;
				CLANG_WARN__DUPLICATE_METHOD_MATCH = YES;
				"CODE_SIGN_IDENTITY[sdk=iphoneos*]" = "iPhone Developer";
				COPY_PHASE_STRIP = NO;
				DEBUG_INFORMATION_FORMAT = "dwarf-with-dsym";
				ENABLE_STRICT_OBJC_MSGSEND = YES;
				GCC_C_LANGUAGE_STANDARD = gnu99;
				GCC_DYNAMIC_NO_PIC = NO;
				GCC_NO_COMMON_BLOCKS = YES;
				GCC_OPTIMIZATION_LEVEL = 0;
				GCC_PREPROCESSOR_DEFINITIONS = (
					"DEBUG=1",
					"$(inherited)",
				);
				GCC_SYMBOLS_PRIVATE_EXTERN = NO;
				GCC_WARN_64_TO_32_BIT_CONVERSION = YES;
				GCC_WARN_ABOUT_RETURN_TYPE = YES_ERROR;
				GCC_WARN_UNDECLARED_SELECTOR = YES;
				GCC_WARN_UNINITIALIZED_AUTOS = YES_AGGRESSIVE;
				GCC_WARN_UNUSED_FUNCTION = YES;
				GCC_WARN_UNUSED_VARIABLE = YES;
				IPHONEOS_DEPLOYMENT_TARGET = 8.4;
				MTL_ENABLE_DEBUG_INFO = YES;
				ONLY_ACTIVE_ARCH = YES;
				SDKROOT = iphoneos;
			};
			name = Debug;
		};
		AAD307911B9CDB3F00CB6A28 /* Release */ = {
			isa = XCBuildConfiguration;
			buildSettings = {
				ALWAYS_SEARCH_USER_PATHS = NO;
				CLANG_CXX_LANGUAGE_STANDARD = "gnu++0x";
				CLANG_CXX_LIBRARY = "libc++";
				CLANG_ENABLE_MODULES = YES;
				CLANG_ENABLE_OBJC_ARC = YES;
				CLANG_WARN_BOOL_CONVERSION = YES;
				CLANG_WARN_CONSTANT_CONVERSION = YES;
				CLANG_WARN_DIRECT_OBJC_ISA_USAGE = YES_ERROR;
				CLANG_WARN_EMPTY_BODY = YES;
				CLANG_WARN_ENUM_CONVERSION = YES;
				CLANG_WARN_INT_CONVERSION = YES;
				CLANG_WARN_OBJC_ROOT_CLASS = YES_ERROR;
				CLANG_WARN_UNREACHABLE_CODE = YES;
				CLANG_WARN__DUPLICATE_METHOD_MATCH = YES;
				"CODE_SIGN_IDENTITY[sdk=iphoneos*]" = "iPhone Developer";
				COPY_PHASE_STRIP = NO;
				DEBUG_INFORMATION_FORMAT = "dwarf-with-dsym";
				ENABLE_NS_ASSERTIONS = NO;
				ENABLE_STRICT_OBJC_MSGSEND = YES;
				GCC_C_LANGUAGE_STANDARD = gnu99;
				GCC_NO_COMMON_BLOCKS = YES;
				GCC_WARN_64_TO_32_BIT_CONVERSION = YES;
				GCC_WARN_ABOUT_RETURN_TYPE = YES_ERROR;
				GCC_WARN_UNDECLARED_SELECTOR = YES;
				GCC_WARN_UNINITIALIZED_AUTOS = YES_AGGRESSIVE;
				GCC_WARN_UNUSED_FUNCTION = YES;
				GCC_WARN_UNUSED_VARIABLE = YES;
				IPHONEOS_DEPLOYMENT_TARGET = 8.4;
				MTL_ENABLE_DEBUG_INFO = NO;
				SDKROOT = iphoneos;
				VALIDATE_PRODUCT = YES;
			};
			name = Release;
		};
		AAD307931B9CDB3F00CB6A28 /* Debug */ = {
			isa = XCBuildConfiguration;
			buildSettings = {
				ASSETCATALOG_COMPILER_APPICON_NAME = AppIcon;
				INFOPLIST_FILE = BillSplitter/Info.plist;
				LD_RUNPATH_SEARCH_PATHS = "$(inherited) @executable_path/Frameworks";
				PRODUCT_NAME = "$(TARGET_NAME)";
			};
			name = Debug;
		};
		AAD307941B9CDB3F00CB6A28 /* Release */ = {
			isa = XCBuildConfiguration;
			buildSettings = {
				ASSETCATALOG_COMPILER_APPICON_NAME = AppIcon;
				INFOPLIST_FILE = BillSplitter/Info.plist;
				LD_RUNPATH_SEARCH_PATHS = "$(inherited) @executable_path/Frameworks";
				PRODUCT_NAME = "$(TARGET_NAME)";
			};
			name = Release;
		};
		AAD307961B9CDB3F00CB6A28 /* Debug */ = {
			isa = XCBuildConfiguration;
			buildSettings = {
				BUNDLE_LOADER = "$(TEST_HOST)";
				FRAMEWORK_SEARCH_PATHS = (
					"$(SDKROOT)/Developer/Library/Frameworks",
					"$(inherited)",
				);
				GCC_PREPROCESSOR_DEFINITIONS = (
					"DEBUG=1",
					"$(inherited)",
				);
				INFOPLIST_FILE = BillSplitterTests/Info.plist;
				LD_RUNPATH_SEARCH_PATHS = "$(inherited) @executable_path/Frameworks @loader_path/Frameworks";
				PRODUCT_NAME = "$(TARGET_NAME)";
				TEST_HOST = "$(BUILT_PRODUCTS_DIR)/BillSplitter.app/BillSplitter";
			};
			name = Debug;
		};
		AAD307971B9CDB3F00CB6A28 /* Release */ = {
			isa = XCBuildConfiguration;
			buildSettings = {
				BUNDLE_LOADER = "$(TEST_HOST)";
				FRAMEWORK_SEARCH_PATHS = (
					"$(SDKROOT)/Developer/Library/Frameworks",
					"$(inherited)",
				);
				INFOPLIST_FILE = BillSplitterTests/Info.plist;
				LD_RUNPATH_SEARCH_PATHS = "$(inherited) @executable_path/Frameworks @loader_path/Frameworks";
				PRODUCT_NAME = "$(TARGET_NAME)";
				TEST_HOST = "$(BUILT_PRODUCTS_DIR)/BillSplitter.app/BillSplitter";
			};
			name = Release;
		};
/* End XCBuildConfiguration section */

/* Begin XCConfigurationList section */
		AAD3076A1B9CDB3F00CB6A28 /* Build configuration list for PBXProject "BillSplitter" */ = {
			isa = XCConfigurationList;
			buildConfigurations = (
				AAD307901B9CDB3F00CB6A28 /* Debug */,
				AAD307911B9CDB3F00CB6A28 /* Release */,
			);
			defaultConfigurationIsVisible = 0;
			defaultConfigurationName = Release;
		};
		AAD307921B9CDB3F00CB6A28 /* Build configuration list for PBXNativeTarget "BillSplitter" */ = {
			isa = XCConfigurationList;
			buildConfigurations = (
				AAD307931B9CDB3F00CB6A28 /* Debug */,
				AAD307941B9CDB3F00CB6A28 /* Release */,
			);
			defaultConfigurationIsVisible = 0;
		};
		AAD307951B9CDB3F00CB6A28 /* Build configuration list for PBXNativeTarget "BillSplitterTests" */ = {
			isa = XCConfigurationList;
			buildConfigurations = (
				AAD307961B9CDB3F00CB6A28 /* Debug */,
				AAD307971B9CDB3F00CB6A28 /* Release */,
			);
			defaultConfigurationIsVisible = 0;
		};
/* End XCConfigurationList section */
	};
	rootObject = AAD307671B9CDB3F00CB6A28 /* Project object */;
}
